
Microsoft Visual Studio Solution File, Format Version 12.00
# Visual Studio Version 17
VisualStudioVersion = 17.0.32126.317
MinimumVisualStudioVersion = 10.0.40219.1
Project("{FAE04EC0-301F-11D3-BF4B-00C04F79EFBC}") = "Triangulos.Consoleapp", "Triangulos.Consoleapp\Triangulos.Consoleapp.csproj", "{CA8648A6-2711-4926-BBC8-8BC6318A2646}"
EndProject
Global
	GlobalSection(SolutionConfigurationPlatforms) = preSolution
		Debug|Any CPU = Debug|Any CPU
		Release|Any CPU = Release|Any CPU
	EndGlobalSection
	GlobalSection(ProjectConfigurationPlatforms) = postSolution
		{CA8648A6-2711-4926-BBC8-8BC6318A2646}.Debug|Any CPU.ActiveCfg = Debug|Any CPU
		{CA8648A6-2711-4926-BBC8-8BC6318A2646}.Debug|Any CPU.Build.0 = Debug|Any CPU
		{CA8648A6-2711-4926-BBC8-8BC6318A2646}.Release|Any CPU.ActiveCfg = Release|Any CPU
		{CA8648A6-2711-4926-BBC8-8BC6318A2646}.Release|Any CPU.Build.0 = Release|Any CPU
	EndGlobalSection
	GlobalSection(SolutionProperties) = preSolution
		HideSolutionNode = FALSE
	EndGlobalSection
	GlobalSection(ExtensibilityGlobals) = postSolution
		SolutionGuid = {01F01921-3064-4650-BEC0-FB2947499E14}
	EndGlobalSection
EndGlobal
